
Microsoft Visual Studio Solution File, Format Version 12.00
# Visual Studio Version 17
VisualStudioVersion = 17.1.32210.238
MinimumVisualStudioVersion = 10.0.40219.1
Project("{FAE04EC0-301F-11D3-BF4B-00C04F79EFBC}") = "TodoList.WebApi", "TodoList.WebApi\TodoList.WebApi.csproj", "{42EB7056-7048-4E95-9530-033261751232}"
EndProject
Global
	GlobalSection(SolutionConfigurationPlatforms) = preSolution
		Debug|Any CPU = Debug|Any CPU
		Release|Any CPU = Release|Any CPU
	EndGlobalSection
	GlobalSection(ProjectConfigurationPlatforms) = postSolution
		{42EB7056-7048-4E95-9530-033261751232}.Debug|Any CPU.ActiveCfg = Debug|Any CPU
		{42EB7056-7048-4E95-9530-033261751232}.Debug|Any CPU.Build.0 = Debug|Any CPU
		{42EB7056-7048-4E95-9530-033261751232}.Release|Any CPU.ActiveCfg = Release|Any CPU
		{42EB7056-7048-4E95-9530-033261751232}.Release|Any CPU.Build.0 = Release|Any CPU
	EndGlobalSection
	GlobalSection(SolutionProperties) = preSolution
		HideSolutionNode = FALSE
	EndGlobalSection
	GlobalSection(ExtensibilityGlobals) = postSolution
		SolutionGuid = {E915C22F-E0F7-4131-93B5-1293788ABB64}
	EndGlobalSection
EndGlobal
