
Microsoft Visual Studio Solution File, Format Version 12.00
# Visual Studio Version 17
VisualStudioVersion = 17.1.32210.238
MinimumVisualStudioVersion = 10.0.40219.1
Project("{9A19103F-16F7-4668-BE54-9A1E7A4F7556}") = "TodoList.WebApi", "TodoList.WebApi\TodoList.WebApi.csproj", "{42EB7056-7048-4E95-9530-033261751232}"
EndProject
Project("{9A19103F-16F7-4668-BE54-9A1E7A4F7556}") = "TodoList.Domain", "TodoList.Domain\TodoList.Domain.csproj", "{15EAD81E-A1D6-491A-9B5B-35390A6216A7}"
EndProject
Project("{9A19103F-16F7-4668-BE54-9A1E7A4F7556}") = "TodoList.Domain.UnitTests", "TodoList.Domain.UnitTests\TodoList.Domain.UnitTests.csproj", "{22A58533-744E-4153-AD8C-C1E1D2EF0C6C}"
EndProject
Project("{9A19103F-16F7-4668-BE54-9A1E7A4F7556}") = "TodoList.Application", "TodoList.Application\TodoList.Application.csproj", "{ECC54ECE-17BF-459C-9E52-22EEA394697C}"
EndProject
Project("{9A19103F-16F7-4668-BE54-9A1E7A4F7556}") = "TodoList.Application.UnitTests", "TodoList.Application.UnitTests\TodoList.Application.UnitTests.csproj", "{0830901A-6745-4065-97F4-E20E4B3D608D}"
EndProject
Project("{9A19103F-16F7-4668-BE54-9A1E7A4F7556}") = "TodoList.Infrastructure", "TodoList.Infrastructure\TodoList.Infrastructure.csproj", "{5C8741A2-5D4C-44E4-B751-9532C0979F43}"
EndProject
Project("{9A19103F-16F7-4668-BE54-9A1E7A4F7556}") = "TodoList.Infrastructure.UnitTests", "TodoList.Infrastructure.UnitTests\TodoList.Infrastructure.UnitTests.csproj", "{FA52D467-FB47-4539-B21F-70B68BEB2B53}"
EndProject
Project("{9A19103F-16F7-4668-BE54-9A1E7A4F7556}") = "TodoList.SharedKernel.Repository", "TodoList.SharedKernel.Repository\TodoList.SharedKernel.Repository.csproj", "{C0CCC0AD-A09C-4769-8F7E-E27118AB9D7A}"
EndProject
Project("{00D1A9C2-B5F0-4AF3-8072-F6C62B433612}") = "TodoList.Database", "TodoList.Database\TodoList.Database.sqlproj", "{42EB7723-CD2F-41C9-95DB-62F1D59E65C5}"
EndProject
Project("{2150E333-8FDC-42A3-9474-1A3956D46DE8}") = "10.  Domain", "10.  Domain", "{DFF30077-7DCD-4152-922F-A635E6C82403}"
EndProject
Project("{2150E333-8FDC-42A3-9474-1A3956D46DE8}") = "20. Application", "20. Application", "{B3B65EE2-8DEE-4E24-987C-3AEA720080FA}"
EndProject
Project("{2150E333-8FDC-42A3-9474-1A3956D46DE8}") = "30. Infrastructure", "30. Infrastructure", "{DDF434B7-DDBB-4752-A99A-8BBBA512D0AE}"
EndProject
Project("{2150E333-8FDC-42A3-9474-1A3956D46DE8}") = "40. Data", "40. Data", "{DEA072A3-241C-4575-A616-B426C476FC4F}"
EndProject
Project("{2150E333-8FDC-42A3-9474-1A3956D46DE8}") = "50. Shared", "50. Shared", "{1A8B3860-7BD3-472D-8794-82077AA0B651}"
EndProject
Project("{2150E333-8FDC-42A3-9474-1A3956D46DE8}") = "60. WebApi", "60. WebApi", "{C381ABBB-591A-49AD-8448-07DCFA596BDA}"
EndProject
Project("{9A19103F-16F7-4668-BE54-9A1E7A4F7556}") = "TodoList.WebApi.IntegrationTests", "TodoList.WebApi.IntegrationTests\TodoList.WebApi.IntegrationTests.csproj", "{9E9B6208-5649-452D-98CD-0B208E74EE3E}"
EndProject
Project("{9A19103F-16F7-4668-BE54-9A1E7A4F7556}") = "TodoList.WebApi.UnitTests", "TodoList.WebApi.UnitTests\TodoList.WebApi.UnitTests.csproj", "{B84A362A-E694-4FDF-9F00-C5721E472902}"
EndProject
Global
	GlobalSection(SolutionConfigurationPlatforms) = preSolution
		Debug|Any CPU = Debug|Any CPU
		Release|Any CPU = Release|Any CPU
	EndGlobalSection
	GlobalSection(ProjectConfigurationPlatforms) = postSolution
		{42EB7056-7048-4E95-9530-033261751232}.Debug|Any CPU.ActiveCfg = Debug|Any CPU
		{42EB7056-7048-4E95-9530-033261751232}.Debug|Any CPU.Build.0 = Debug|Any CPU
		{42EB7056-7048-4E95-9530-033261751232}.Release|Any CPU.ActiveCfg = Release|Any CPU
		{42EB7056-7048-4E95-9530-033261751232}.Release|Any CPU.Build.0 = Release|Any CPU
		{15EAD81E-A1D6-491A-9B5B-35390A6216A7}.Debug|Any CPU.ActiveCfg = Debug|Any CPU
		{15EAD81E-A1D6-491A-9B5B-35390A6216A7}.Debug|Any CPU.Build.0 = Debug|Any CPU
		{15EAD81E-A1D6-491A-9B5B-35390A6216A7}.Release|Any CPU.ActiveCfg = Release|Any CPU
		{15EAD81E-A1D6-491A-9B5B-35390A6216A7}.Release|Any CPU.Build.0 = Release|Any CPU
		{22A58533-744E-4153-AD8C-C1E1D2EF0C6C}.Debug|Any CPU.ActiveCfg = Debug|Any CPU
		{22A58533-744E-4153-AD8C-C1E1D2EF0C6C}.Debug|Any CPU.Build.0 = Debug|Any CPU
		{22A58533-744E-4153-AD8C-C1E1D2EF0C6C}.Release|Any CPU.ActiveCfg = Release|Any CPU
		{22A58533-744E-4153-AD8C-C1E1D2EF0C6C}.Release|Any CPU.Build.0 = Release|Any CPU
		{ECC54ECE-17BF-459C-9E52-22EEA394697C}.Debug|Any CPU.ActiveCfg = Debug|Any CPU
		{ECC54ECE-17BF-459C-9E52-22EEA394697C}.Debug|Any CPU.Build.0 = Debug|Any CPU
		{ECC54ECE-17BF-459C-9E52-22EEA394697C}.Release|Any CPU.ActiveCfg = Release|Any CPU
		{ECC54ECE-17BF-459C-9E52-22EEA394697C}.Release|Any CPU.Build.0 = Release|Any CPU
		{0830901A-6745-4065-97F4-E20E4B3D608D}.Debug|Any CPU.ActiveCfg = Debug|Any CPU
		{0830901A-6745-4065-97F4-E20E4B3D608D}.Debug|Any CPU.Build.0 = Debug|Any CPU
		{0830901A-6745-4065-97F4-E20E4B3D608D}.Release|Any CPU.ActiveCfg = Release|Any CPU
		{0830901A-6745-4065-97F4-E20E4B3D608D}.Release|Any CPU.Build.0 = Release|Any CPU
		{5C8741A2-5D4C-44E4-B751-9532C0979F43}.Debug|Any CPU.ActiveCfg = Debug|Any CPU
		{5C8741A2-5D4C-44E4-B751-9532C0979F43}.Debug|Any CPU.Build.0 = Debug|Any CPU
		{5C8741A2-5D4C-44E4-B751-9532C0979F43}.Release|Any CPU.ActiveCfg = Release|Any CPU
		{5C8741A2-5D4C-44E4-B751-9532C0979F43}.Release|Any CPU.Build.0 = Release|Any CPU
		{FA52D467-FB47-4539-B21F-70B68BEB2B53}.Debug|Any CPU.ActiveCfg = Debug|Any CPU
		{FA52D467-FB47-4539-B21F-70B68BEB2B53}.Debug|Any CPU.Build.0 = Debug|Any CPU
		{FA52D467-FB47-4539-B21F-70B68BEB2B53}.Release|Any CPU.ActiveCfg = Release|Any CPU
		{FA52D467-FB47-4539-B21F-70B68BEB2B53}.Release|Any CPU.Build.0 = Release|Any CPU
		{C0CCC0AD-A09C-4769-8F7E-E27118AB9D7A}.Debug|Any CPU.ActiveCfg = Debug|Any CPU
		{C0CCC0AD-A09C-4769-8F7E-E27118AB9D7A}.Debug|Any CPU.Build.0 = Debug|Any CPU
		{C0CCC0AD-A09C-4769-8F7E-E27118AB9D7A}.Release|Any CPU.ActiveCfg = Release|Any CPU
		{C0CCC0AD-A09C-4769-8F7E-E27118AB9D7A}.Release|Any CPU.Build.0 = Release|Any CPU
		{42EB7723-CD2F-41C9-95DB-62F1D59E65C5}.Debug|Any CPU.ActiveCfg = Debug|Any CPU
		{42EB7723-CD2F-41C9-95DB-62F1D59E65C5}.Debug|Any CPU.Build.0 = Debug|Any CPU
		{42EB7723-CD2F-41C9-95DB-62F1D59E65C5}.Debug|Any CPU.Deploy.0 = Debug|Any CPU
		{42EB7723-CD2F-41C9-95DB-62F1D59E65C5}.Release|Any CPU.ActiveCfg = Release|Any CPU
		{42EB7723-CD2F-41C9-95DB-62F1D59E65C5}.Release|Any CPU.Build.0 = Release|Any CPU
		{42EB7723-CD2F-41C9-95DB-62F1D59E65C5}.Release|Any CPU.Deploy.0 = Release|Any CPU
		{9E9B6208-5649-452D-98CD-0B208E74EE3E}.Debug|Any CPU.ActiveCfg = Debug|Any CPU
		{9E9B6208-5649-452D-98CD-0B208E74EE3E}.Debug|Any CPU.Build.0 = Debug|Any CPU
		{9E9B6208-5649-452D-98CD-0B208E74EE3E}.Release|Any CPU.ActiveCfg = Release|Any CPU
		{9E9B6208-5649-452D-98CD-0B208E74EE3E}.Release|Any CPU.Build.0 = Release|Any CPU
		{B84A362A-E694-4FDF-9F00-C5721E472902}.Debug|Any CPU.ActiveCfg = Debug|Any CPU
		{B84A362A-E694-4FDF-9F00-C5721E472902}.Debug|Any CPU.Build.0 = Debug|Any CPU
		{B84A362A-E694-4FDF-9F00-C5721E472902}.Release|Any CPU.ActiveCfg = Release|Any CPU
		{B84A362A-E694-4FDF-9F00-C5721E472902}.Release|Any CPU.Build.0 = Release|Any CPU
	EndGlobalSection
	GlobalSection(SolutionProperties) = preSolution
		HideSolutionNode = FALSE
	EndGlobalSection
	GlobalSection(NestedProjects) = preSolution
		{42EB7056-7048-4E95-9530-033261751232} = {C381ABBB-591A-49AD-8448-07DCFA596BDA}
		{15EAD81E-A1D6-491A-9B5B-35390A6216A7} = {DFF30077-7DCD-4152-922F-A635E6C82403}
		{22A58533-744E-4153-AD8C-C1E1D2EF0C6C} = {DFF30077-7DCD-4152-922F-A635E6C82403}
		{ECC54ECE-17BF-459C-9E52-22EEA394697C} = {B3B65EE2-8DEE-4E24-987C-3AEA720080FA}
		{0830901A-6745-4065-97F4-E20E4B3D608D} = {B3B65EE2-8DEE-4E24-987C-3AEA720080FA}
		{5C8741A2-5D4C-44E4-B751-9532C0979F43} = {DDF434B7-DDBB-4752-A99A-8BBBA512D0AE}
		{FA52D467-FB47-4539-B21F-70B68BEB2B53} = {DDF434B7-DDBB-4752-A99A-8BBBA512D0AE}
		{C0CCC0AD-A09C-4769-8F7E-E27118AB9D7A} = {1A8B3860-7BD3-472D-8794-82077AA0B651}
		{42EB7723-CD2F-41C9-95DB-62F1D59E65C5} = {DEA072A3-241C-4575-A616-B426C476FC4F}
		{9E9B6208-5649-452D-98CD-0B208E74EE3E} = {C381ABBB-591A-49AD-8448-07DCFA596BDA}
		{B84A362A-E694-4FDF-9F00-C5721E472902} = {C381ABBB-591A-49AD-8448-07DCFA596BDA}
	EndGlobalSection
	GlobalSection(ExtensibilityGlobals) = postSolution
		SolutionGuid = {E915C22F-E0F7-4131-93B5-1293788ABB64}
	EndGlobalSection
EndGlobal
